
Microsoft Visual Studio Solution File, Format Version 12.00
# Visual Studio Version 16
VisualStudioVersion = 16.0.31129.286
MinimumVisualStudioVersion = 10.0.40219.1
Project("{FAE04EC0-301F-11D3-BF4B-00C04F79EFBC}") = "ConsoleFigure", "ConsoleFigure\ConsoleFigure.csproj", "{B08F3420-7753-4354-B33C-828CA85DCD09}"
EndProject
Project("{FAE04EC0-301F-11D3-BF4B-00C04F79EFBC}") = "FormFigure", "FormFigure\FormFigure.csproj", "{5A8D80D6-816E-46DB-ADC4-EA17ACEB34FC}"
EndProject
Global
	GlobalSection(SolutionConfigurationPlatforms) = preSolution
		Debug|Any CPU = Debug|Any CPU
		Release|Any CPU = Release|Any CPU
	EndGlobalSection
	GlobalSection(ProjectConfigurationPlatforms) = postSolution
		{B08F3420-7753-4354-B33C-828CA85DCD09}.Debug|Any CPU.ActiveCfg = Debug|Any CPU
		{B08F3420-7753-4354-B33C-828CA85DCD09}.Debug|Any CPU.Build.0 = Debug|Any CPU
		{B08F3420-7753-4354-B33C-828CA85DCD09}.Release|Any CPU.ActiveCfg = Release|Any CPU
		{B08F3420-7753-4354-B33C-828CA85DCD09}.Release|Any CPU.Build.0 = Release|Any CPU
		{5A8D80D6-816E-46DB-ADC4-EA17ACEB34FC}.Debug|Any CPU.ActiveCfg = Debug|Any CPU
		{5A8D80D6-816E-46DB-ADC4-EA17ACEB34FC}.Debug|Any CPU.Build.0 = Debug|Any CPU
		{5A8D80D6-816E-46DB-ADC4-EA17ACEB34FC}.Release|Any CPU.ActiveCfg = Release|Any CPU
		{5A8D80D6-816E-46DB-ADC4-EA17ACEB34FC}.Release|Any CPU.Build.0 = Release|Any CPU
	EndGlobalSection
	GlobalSection(SolutionProperties) = preSolution
		HideSolutionNode = FALSE
	EndGlobalSection
	GlobalSection(ExtensibilityGlobals) = postSolution
		SolutionGuid = {F9E21423-ED34-453B-9866-71F43BFCDB34}
	EndGlobalSection
EndGlobal
